
Microsoft Visual Studio Solution File, Format Version 12.00
# Visual Studio 2015
Project("{FAE04EC0-301F-11D3-BF4B-00C04F79EFBC}") = "3DBootCamp_Training", "3DBootCamp_Training.csproj", "{8590B4BA-F8B0-EDDA-4F5A-0E09E13891EF}"
EndProject
Project("{FAE04EC0-301F-11D3-BF4B-00C04F79EFBC}") = "3DBootCamp_Training.Editor", "3DBootCamp_Training.Editor.csproj", "{A2BC8F5D-91B9-EEEC-4372-3C77B6601E5D}"
EndProject
Global
	GlobalSection(SolutionConfigurationPlatforms) = preSolution
		Debug|Any CPU = Debug|Any CPU
		Release|Any CPU = Release|Any CPU
	EndGlobalSection
	GlobalSection(ProjectConfigurationPlatforms) = postSolution
		{8590B4BA-F8B0-EDDA-4F5A-0E09E13891EF}.Debug|Any CPU.ActiveCfg = Debug|Any CPU
		{8590B4BA-F8B0-EDDA-4F5A-0E09E13891EF}.Debug|Any CPU.Build.0 = Debug|Any CPU
		{8590B4BA-F8B0-EDDA-4F5A-0E09E13891EF}.Release|Any CPU.ActiveCfg = Release|Any CPU
		{8590B4BA-F8B0-EDDA-4F5A-0E09E13891EF}.Release|Any CPU.Build.0 = Release|Any CPU
		{A2BC8F5D-91B9-EEEC-4372-3C77B6601E5D}.Debug|Any CPU.ActiveCfg = Debug|Any CPU
		{A2BC8F5D-91B9-EEEC-4372-3C77B6601E5D}.Debug|Any CPU.Build.0 = Debug|Any CPU
		{A2BC8F5D-91B9-EEEC-4372-3C77B6601E5D}.Release|Any CPU.ActiveCfg = Release|Any CPU
		{A2BC8F5D-91B9-EEEC-4372-3C77B6601E5D}.Release|Any CPU.Build.0 = Release|Any CPU
	EndGlobalSection
	GlobalSection(SolutionProperties) = preSolution
		HideSolutionNode = FALSE
	EndGlobalSection
EndGlobal
